
Microsoft Visual Studio Solution File, Format Version 12.00
# Visual Studio Version 16
VisualStudioVersion = 16.0.29728.190
MinimumVisualStudioVersion = 10.0.40219.1
Project("{8BC9CEB8-8B4A-11D0-8D11-00A0C91BC942}") = "Assignment0", "Assignment0\Assignment0.vcxproj", "{548D5935-7B97-4E9A-A10C-A23CA61876B0}"
EndProject
Project("{8BC9CEB8-8B4A-11D0-8D11-00A0C91BC942}") = "Assignment1", "Assignment1\Assignment1.vcxproj", "{7001A30B-3AF0-49C0-8406-033ED84F319F}"
EndProject
Project("{8BC9CEB8-8B4A-11D0-8D11-00A0C91BC942}") = "Assignment2", "Assignment2\Assignment2.vcxproj", "{DB52045F-7129-44A0-B753-BFDC83A4541A}"
EndProject
Project("{8BC9CEB8-8B4A-11D0-8D11-00A0C91BC942}") = "Assignment4", "Assignment4\Assignment4.vcxproj", "{2914709C-1719-4296-98C6-E91A2482B6EE}"
EndProject
Project("{8BC9CEB8-8B4A-11D0-8D11-00A0C91BC942}") = "Assignment5", "Assignment5\Assignment5.vcxproj", "{ADB00062-D64D-423E-8F2A-CCB9C2654DD2}"
EndProject
Project("{8BC9CEB8-8B4A-11D0-8D11-00A0C91BC942}") = "Assignment6", "Assignment6\Assignment6.vcxproj", "{CBE1D7E9-1F61-493F-A983-AB05B2F5F75E}"
EndProject
Global
	GlobalSection(SolutionConfigurationPlatforms) = preSolution
		Debug|x64 = Debug|x64
		Debug|x86 = Debug|x86
		Release|x64 = Release|x64
		Release|x86 = Release|x86
	EndGlobalSection
	GlobalSection(ProjectConfigurationPlatforms) = postSolution
		{548D5935-7B97-4E9A-A10C-A23CA61876B0}.Debug|x64.ActiveCfg = Debug|x64
		{548D5935-7B97-4E9A-A10C-A23CA61876B0}.Debug|x64.Build.0 = Debug|x64
		{548D5935-7B97-4E9A-A10C-A23CA61876B0}.Debug|x86.ActiveCfg = Debug|Win32
		{548D5935-7B97-4E9A-A10C-A23CA61876B0}.Debug|x86.Build.0 = Debug|Win32
		{548D5935-7B97-4E9A-A10C-A23CA61876B0}.Release|x64.ActiveCfg = Release|x64
		{548D5935-7B97-4E9A-A10C-A23CA61876B0}.Release|x64.Build.0 = Release|x64
		{548D5935-7B97-4E9A-A10C-A23CA61876B0}.Release|x86.ActiveCfg = Release|Win32
		{548D5935-7B97-4E9A-A10C-A23CA61876B0}.Release|x86.Build.0 = Release|Win32
		{7001A30B-3AF0-49C0-8406-033ED84F319F}.Debug|x64.ActiveCfg = Debug|x64
		{7001A30B-3AF0-49C0-8406-033ED84F319F}.Debug|x64.Build.0 = Debug|x64
		{7001A30B-3AF0-49C0-8406-033ED84F319F}.Debug|x86.ActiveCfg = Debug|Win32
		{7001A30B-3AF0-49C0-8406-033ED84F319F}.Debug|x86.Build.0 = Debug|Win32
		{7001A30B-3AF0-49C0-8406-033ED84F319F}.Release|x64.ActiveCfg = Release|x64
		{7001A30B-3AF0-49C0-8406-033ED84F319F}.Release|x64.Build.0 = Release|x64
		{7001A30B-3AF0-49C0-8406-033ED84F319F}.Release|x86.ActiveCfg = Release|Win32
		{7001A30B-3AF0-49C0-8406-033ED84F319F}.Release|x86.Build.0 = Release|Win32
		{DB52045F-7129-44A0-B753-BFDC83A4541A}.Debug|x64.ActiveCfg = Debug|x64
		{DB52045F-7129-44A0-B753-BFDC83A4541A}.Debug|x64.Build.0 = Debug|x64
		{DB52045F-7129-44A0-B753-BFDC83A4541A}.Debug|x86.ActiveCfg = Debug|Win32
		{DB52045F-7129-44A0-B753-BFDC83A4541A}.Debug|x86.Build.0 = Debug|Win32
		{DB52045F-7129-44A0-B753-BFDC83A4541A}.Release|x64.ActiveCfg = Release|x64
		{DB52045F-7129-44A0-B753-BFDC83A4541A}.Release|x64.Build.0 = Release|x64
		{DB52045F-7129-44A0-B753-BFDC83A4541A}.Release|x86.ActiveCfg = Release|Win32
		{DB52045F-7129-44A0-B753-BFDC83A4541A}.Release|x86.Build.0 = Release|Win32
		{2914709C-1719-4296-98C6-E91A2482B6EE}.Debug|x64.ActiveCfg = Debug|x64
		{2914709C-1719-4296-98C6-E91A2482B6EE}.Debug|x64.Build.0 = Debug|x64
		{2914709C-1719-4296-98C6-E91A2482B6EE}.Debug|x86.ActiveCfg = Debug|Win32
		{2914709C-1719-4296-98C6-E91A2482B6EE}.Debug|x86.Build.0 = Debug|Win32
		{2914709C-1719-4296-98C6-E91A2482B6EE}.Release|x64.ActiveCfg = Release|x64
		{2914709C-1719-4296-98C6-E91A2482B6EE}.Release|x64.Build.0 = Release|x64
		{2914709C-1719-4296-98C6-E91A2482B6EE}.Release|x86.ActiveCfg = Release|Win32
		{2914709C-1719-4296-98C6-E91A2482B6EE}.Release|x86.Build.0 = Release|Win32
		{ADB00062-D64D-423E-8F2A-CCB9C2654DD2}.Debug|x64.ActiveCfg = Debug|x64
		{ADB00062-D64D-423E-8F2A-CCB9C2654DD2}.Debug|x64.Build.0 = Debug|x64
		{ADB00062-D64D-423E-8F2A-CCB9C2654DD2}.Debug|x86.ActiveCfg = Debug|Win32
		{ADB00062-D64D-423E-8F2A-CCB9C2654DD2}.Debug|x86.Build.0 = Debug|Win32
		{ADB00062-D64D-423E-8F2A-CCB9C2654DD2}.Release|x64.ActiveCfg = Release|x64
		{ADB00062-D64D-423E-8F2A-CCB9C2654DD2}.Release|x64.Build.0 = Release|x64
		{ADB00062-D64D-423E-8F2A-CCB9C2654DD2}.Release|x86.ActiveCfg = Release|Win32
		{ADB00062-D64D-423E-8F2A-CCB9C2654DD2}.Release|x86.Build.0 = Release|Win32
		{CBE1D7E9-1F61-493F-A983-AB05B2F5F75E}.Debug|x64.ActiveCfg = Debug|x64
		{CBE1D7E9-1F61-493F-A983-AB05B2F5F75E}.Debug|x64.Build.0 = Debug|x64
		{CBE1D7E9-1F61-493F-A983-AB05B2F5F75E}.Debug|x86.ActiveCfg = Debug|Win32
		{CBE1D7E9-1F61-493F-A983-AB05B2F5F75E}.Debug|x86.Build.0 = Debug|Win32
		{CBE1D7E9-1F61-493F-A983-AB05B2F5F75E}.Release|x64.ActiveCfg = Release|x64
		{CBE1D7E9-1F61-493F-A983-AB05B2F5F75E}.Release|x64.Build.0 = Release|x64
		{CBE1D7E9-1F61-493F-A983-AB05B2F5F75E}.Release|x86.ActiveCfg = Release|Win32
		{CBE1D7E9-1F61-493F-A983-AB05B2F5F75E}.Release|x86.Build.0 = Release|Win32
	EndGlobalSection
	GlobalSection(SolutionProperties) = preSolution
		HideSolutionNode = FALSE
	EndGlobalSection
	GlobalSection(ExtensibilityGlobals) = postSolution
		SolutionGuid = {6895B880-10B8-46CA-ACD0-2EF9832F94A1}
	EndGlobalSection
EndGlobal
